
Microsoft Visual Studio Solution File, Format Version 12.00
# Visual Studio Version 16
VisualStudioVersion = 16.0.34114.132
MinimumVisualStudioVersion = 10.0.40219.1
Project("{FAE04EC0-301F-11D3-BF4B-00C04F79EFBC}") = "AtmApp", "AtmApp\AtmApp.csproj", "{0C14099A-BE20-44C2-9A11-CB81F9620AF4}"
EndProject
Project("{2150E333-8FDC-42A3-9474-1A3956D46DE8}") = "Solution Items", "Solution Items", "{5CB3C758-B4FE-461D-8E65-2F07ACB7C46F}"
	ProjectSection(SolutionItems) = preProject
		.editorconfig = .editorconfig
	EndProjectSection
EndProject
Global
	GlobalSection(SolutionConfigurationPlatforms) = preSolution
		Debug|Any CPU = Debug|Any CPU
		Release|Any CPU = Release|Any CPU
	EndGlobalSection
	GlobalSection(ProjectConfigurationPlatforms) = postSolution
		{0C14099A-BE20-44C2-9A11-CB81F9620AF4}.Debug|Any CPU.ActiveCfg = Debug|Any CPU
		{0C14099A-BE20-44C2-9A11-CB81F9620AF4}.Debug|Any CPU.Build.0 = Debug|Any CPU
		{0C14099A-BE20-44C2-9A11-CB81F9620AF4}.Release|Any CPU.ActiveCfg = Release|Any CPU
		{0C14099A-BE20-44C2-9A11-CB81F9620AF4}.Release|Any CPU.Build.0 = Release|Any CPU
	EndGlobalSection
	GlobalSection(SolutionProperties) = preSolution
		HideSolutionNode = FALSE
	EndGlobalSection
	GlobalSection(ExtensibilityGlobals) = postSolution
		SolutionGuid = {BEFDE8B1-0684-4D0E-9B83-9CB5EE5F94E1}
	EndGlobalSection
EndGlobal
